
Microsoft Visual Studio Solution File, Format Version 12.00
# Visual Studio 14
VisualStudioVersion = 14.0.23107.0
MinimumVisualStudioVersion = 10.0.40219.1
Project("{FAE04EC0-301F-11D3-BF4B-00C04F79EFBC}") = "Pipes", "Pipes\Pipes.csproj", "{FE32B283-B191-415F-9BE6-EF18A75E0280}"
EndProject
Project("{FAE04EC0-301F-11D3-BF4B-00C04F79EFBC}") = "Pipes.Tests", "Tests\Pipes.Tests.csproj", "{74365434-FC0B-4113-B0E9-3A06D42FE6AB}"
EndProject
Project("{FAE04EC0-301F-11D3-BF4B-00C04F79EFBC}") = "Pipes.Example", "Example\Pipes.Example.csproj", "{2AD23E73-26CF-4F18-A1FC-C6ADA2393DE4}"
EndProject
Project("{2150E333-8FDC-42A3-9474-1A3956D46DE8}") = "Solution Items", "Solution Items", "{C650457D-184E-44CC-84C3-6C8D3D912597}"
	ProjectSection(SolutionItems) = preProject
		Performance1.psess = Performance1.psess
	EndProjectSection
EndProject
Global
	GlobalSection(SolutionConfigurationPlatforms) = preSolution
		Debug|Any CPU = Debug|Any CPU
		Release|Any CPU = Release|Any CPU
	EndGlobalSection
	GlobalSection(ProjectConfigurationPlatforms) = postSolution
		{FE32B283-B191-415F-9BE6-EF18A75E0280}.Debug|Any CPU.ActiveCfg = Debug|Any CPU
		{FE32B283-B191-415F-9BE6-EF18A75E0280}.Debug|Any CPU.Build.0 = Debug|Any CPU
		{FE32B283-B191-415F-9BE6-EF18A75E0280}.Release|Any CPU.ActiveCfg = Release|Any CPU
		{FE32B283-B191-415F-9BE6-EF18A75E0280}.Release|Any CPU.Build.0 = Release|Any CPU
		{74365434-FC0B-4113-B0E9-3A06D42FE6AB}.Debug|Any CPU.ActiveCfg = Debug|Any CPU
		{74365434-FC0B-4113-B0E9-3A06D42FE6AB}.Debug|Any CPU.Build.0 = Debug|Any CPU
		{74365434-FC0B-4113-B0E9-3A06D42FE6AB}.Release|Any CPU.ActiveCfg = Release|Any CPU
		{74365434-FC0B-4113-B0E9-3A06D42FE6AB}.Release|Any CPU.Build.0 = Release|Any CPU
		{2AD23E73-26CF-4F18-A1FC-C6ADA2393DE4}.Debug|Any CPU.ActiveCfg = Debug|Any CPU
		{2AD23E73-26CF-4F18-A1FC-C6ADA2393DE4}.Debug|Any CPU.Build.0 = Debug|Any CPU
		{2AD23E73-26CF-4F18-A1FC-C6ADA2393DE4}.Release|Any CPU.ActiveCfg = Release|Any CPU
		{2AD23E73-26CF-4F18-A1FC-C6ADA2393DE4}.Release|Any CPU.Build.0 = Release|Any CPU
	EndGlobalSection
	GlobalSection(SolutionProperties) = preSolution
		HideSolutionNode = FALSE
	EndGlobalSection
EndGlobal
